
Microsoft Visual Studio Solution File, Format Version 12.00
# Visual Studio Version 16
VisualStudioVersion = 16.0.31515.178
MinimumVisualStudioVersion = 10.0.40219.1
Project("{9A19103F-16F7-4668-BE54-9A1E7A4F7556}") = "GetterApi", "GetterApi\GetterApi.csproj", "{0662F977-F192-451E-9D48-FE51E1C0AC59}"
EndProject
Project("{2150E333-8FDC-42A3-9474-1A3956D46DE8}") = "Solution Items", "Solution Items", "{639C42E1-8657-4EFF-887A-F6FA4654B00A}"
	ProjectSection(SolutionItems) = preProject
		.gitignore = .gitignore
	EndProjectSection
EndProject
Project("{9A19103F-16F7-4668-BE54-9A1E7A4F7556}") = "GetterApi.Tests", "GetterApi.Tests\GetterApi.Tests.csproj", "{79FDE2CE-6FDD-4F21-8055-8664D4DE43E9}"
EndProject
Project("{FAE04EC0-301F-11D3-BF4B-00C04F79EFBC}") = "GetterApi.Services", "GetterApi.Services\GetterApi.Services.csproj", "{02F69EE0-3890-4893-80AB-7D4CE4A890BE}"
EndProject
Project("{9A19103F-16F7-4668-BE54-9A1E7A4F7556}") = "GetterApi.Services.Tests", "GetterApi.Services.Tests\GetterApi.Services.Tests.csproj", "{80508902-416B-4611-AEC1-327DFAA0D809}"
EndProject
Global
	GlobalSection(SolutionConfigurationPlatforms) = preSolution
		Debug|Any CPU = Debug|Any CPU
		Debug|x86 = Debug|x86
		Release|Any CPU = Release|Any CPU
		Release|x86 = Release|x86
	EndGlobalSection
	GlobalSection(ProjectConfigurationPlatforms) = postSolution
		{0662F977-F192-451E-9D48-FE51E1C0AC59}.Debug|Any CPU.ActiveCfg = Debug|Any CPU
		{0662F977-F192-451E-9D48-FE51E1C0AC59}.Debug|Any CPU.Build.0 = Debug|Any CPU
		{0662F977-F192-451E-9D48-FE51E1C0AC59}.Debug|x86.ActiveCfg = Debug|Any CPU
		{0662F977-F192-451E-9D48-FE51E1C0AC59}.Debug|x86.Build.0 = Debug|Any CPU
		{0662F977-F192-451E-9D48-FE51E1C0AC59}.Release|Any CPU.ActiveCfg = Release|Any CPU
		{0662F977-F192-451E-9D48-FE51E1C0AC59}.Release|Any CPU.Build.0 = Release|Any CPU
		{0662F977-F192-451E-9D48-FE51E1C0AC59}.Release|x86.ActiveCfg = Release|Any CPU
		{0662F977-F192-451E-9D48-FE51E1C0AC59}.Release|x86.Build.0 = Release|Any CPU
		{79FDE2CE-6FDD-4F21-8055-8664D4DE43E9}.Debug|Any CPU.ActiveCfg = Debug|Any CPU
		{79FDE2CE-6FDD-4F21-8055-8664D4DE43E9}.Debug|Any CPU.Build.0 = Debug|Any CPU
		{79FDE2CE-6FDD-4F21-8055-8664D4DE43E9}.Debug|x86.ActiveCfg = Debug|Any CPU
		{79FDE2CE-6FDD-4F21-8055-8664D4DE43E9}.Debug|x86.Build.0 = Debug|Any CPU
		{79FDE2CE-6FDD-4F21-8055-8664D4DE43E9}.Release|Any CPU.ActiveCfg = Release|Any CPU
		{79FDE2CE-6FDD-4F21-8055-8664D4DE43E9}.Release|Any CPU.Build.0 = Release|Any CPU
		{79FDE2CE-6FDD-4F21-8055-8664D4DE43E9}.Release|x86.ActiveCfg = Release|Any CPU
		{79FDE2CE-6FDD-4F21-8055-8664D4DE43E9}.Release|x86.Build.0 = Release|Any CPU
		{02F69EE0-3890-4893-80AB-7D4CE4A890BE}.Debug|Any CPU.ActiveCfg = Debug|x86
		{02F69EE0-3890-4893-80AB-7D4CE4A890BE}.Debug|x86.ActiveCfg = Debug|x86
		{02F69EE0-3890-4893-80AB-7D4CE4A890BE}.Debug|x86.Build.0 = Debug|x86
		{02F69EE0-3890-4893-80AB-7D4CE4A890BE}.Release|Any CPU.ActiveCfg = Debug|x86
		{02F69EE0-3890-4893-80AB-7D4CE4A890BE}.Release|Any CPU.Build.0 = Debug|x86
		{02F69EE0-3890-4893-80AB-7D4CE4A890BE}.Release|x86.ActiveCfg = Debug|x86
		{02F69EE0-3890-4893-80AB-7D4CE4A890BE}.Release|x86.Build.0 = Debug|x86
		{80508902-416B-4611-AEC1-327DFAA0D809}.Debug|Any CPU.ActiveCfg = Debug|Any CPU
		{80508902-416B-4611-AEC1-327DFAA0D809}.Debug|Any CPU.Build.0 = Debug|Any CPU
		{80508902-416B-4611-AEC1-327DFAA0D809}.Debug|x86.ActiveCfg = Debug|Any CPU
		{80508902-416B-4611-AEC1-327DFAA0D809}.Debug|x86.Build.0 = Debug|Any CPU
		{80508902-416B-4611-AEC1-327DFAA0D809}.Release|Any CPU.ActiveCfg = Release|Any CPU
		{80508902-416B-4611-AEC1-327DFAA0D809}.Release|Any CPU.Build.0 = Release|Any CPU
		{80508902-416B-4611-AEC1-327DFAA0D809}.Release|x86.ActiveCfg = Release|Any CPU
		{80508902-416B-4611-AEC1-327DFAA0D809}.Release|x86.Build.0 = Release|Any CPU
	EndGlobalSection
	GlobalSection(SolutionProperties) = preSolution
		HideSolutionNode = FALSE
	EndGlobalSection
	GlobalSection(ExtensibilityGlobals) = postSolution
		SolutionGuid = {161BECFA-01C7-41F3-9808-BD2F5A269C43}
	EndGlobalSection
EndGlobal
